// !$*UTF8*$!
{
	archiveVersion = 1;
	classes = {
	};
	objectVersion = 56;
	objects = {

/* Begin PBXBuildFile section */
		998517802935239C005DB1F6 /* AppDelegate.swift in Sources */ = {isa = PBXBuildFile; fileRef = 9985177F2935239C005DB1F6 /* AppDelegate.swift */; };
		998517822935239C005DB1F6 /* SceneDelegate.swift in Sources */ = {isa = PBXBuildFile; fileRef = 998517812935239C005DB1F6 /* SceneDelegate.swift */; };
		998517842935239C005DB1F6 /* ViewController.swift in Sources */ = {isa = PBXBuildFile; fileRef = 998517832935239C005DB1F6 /* ViewController.swift */; };
		998517872935239C005DB1F6 /* Main.storyboard in Resources */ = {isa = PBXBuildFile; fileRef = 998517852935239C005DB1F6 /* Main.storyboard */; };
		9985178A2935239C005DB1F6 /* Contacts_List.xcdatamodeld in Sources */ = {isa = PBXBuildFile; fileRef = 998517882935239C005DB1F6 /* Contacts_List.xcdatamodeld */; };
		9985178C2935239E005DB1F6 /* Assets.xcassets in Resources */ = {isa = PBXBuildFile; fileRef = 9985178B2935239E005DB1F6 /* Assets.xcassets */; };
		9985178F2935239E005DB1F6 /* LaunchScreen.storyboard in Resources */ = {isa = PBXBuildFile; fileRef = 9985178D2935239E005DB1F6 /* LaunchScreen.storyboard */; };
		9985179A2935239E005DB1F6 /* Contacts_ListTests.swift in Sources */ = {isa = PBXBuildFile; fileRef = 998517992935239E005DB1F6 /* Contacts_ListTests.swift */; };
		998517A42935239E005DB1F6 /* Contacts_ListUITests.swift in Sources */ = {isa = PBXBuildFile; fileRef = 998517A32935239E005DB1F6 /* Contacts_ListUITests.swift */; };
		998517A62935239E005DB1F6 /* Contacts_ListUITestsLaunchTests.swift in Sources */ = {isa = PBXBuildFile; fileRef = 998517A52935239E005DB1F6 /* Contacts_ListUITestsLaunchTests.swift */; };
		998517B3293538D9005DB1F6 /* ContactCell.swift in Sources */ = {isa = PBXBuildFile; fileRef = 998517B2293538D9005DB1F6 /* ContactCell.swift */; };
/* End PBXBuildFile section */

/* Begin PBXContainerItemProxy section */
		998517962935239E005DB1F6 /* PBXContainerItemProxy */ = {
			isa = PBXContainerItemProxy;
			containerPortal = 998517742935239C005DB1F6 /* Project object */;
			proxyType = 1;
			remoteGlobalIDString = 9985177B2935239C005DB1F6;
			remoteInfo = "Contacts List";
		};
		998517A02935239E005DB1F6 /* PBXContainerItemProxy */ = {
			isa = PBXContainerItemProxy;
			containerPortal = 998517742935239C005DB1F6 /* Project object */;
			proxyType = 1;
			remoteGlobalIDString = 9985177B2935239C005DB1F6;
			remoteInfo = "Contacts List";
		};
/* End PBXContainerItemProxy section */

/* Begin PBXFileReference section */
		9985177C2935239C005DB1F6 /* Contacts List.app */ = {isa = PBXFileReference; explicitFileType = wrapper.application; includeInIndex = 0; path = "Contacts List.app"; sourceTree = BUILT_PRODUCTS_DIR; };
		9985177F2935239C005DB1F6 /* AppDelegate.swift */ = {isa = PBXFileReference; lastKnownFileType = sourcecode.swift; path = AppDelegate.swift; sourceTree = "<group>"; };
		998517812935239C005DB1F6 /* SceneDelegate.swift */ = {isa = PBXFileReference; lastKnownFileType = sourcecode.swift; path = SceneDelegate.swift; sourceTree = "<group>"; };
		998517832935239C005DB1F6 /* ViewController.swift */ = {isa = PBXFileReference; lastKnownFileType = sourcecode.swift; path = ViewController.swift; sourceTree = "<group>"; };
		998517862935239C005DB1F6 /* Base */ = {isa = PBXFileReference; lastKnownFileType = file.storyboard; name = Base; path = Base.lproj/Main.storyboard; sourceTree = "<group>"; };
		998517892935239C005DB1F6 /* Contacts_List.xcdatamodel */ = {isa = PBXFileReference; lastKnownFileType = wrapper.xcdatamodel; path = Contacts_List.xcdatamodel; sourceTree = "<group>"; };
		9985178B2935239E005DB1F6 /* Assets.xcassets */ = {isa = PBXFileReference; lastKnownFileType = folder.assetcatalog; path = Assets.xcassets; sourceTree = "<group>"; };
		9985178E2935239E005DB1F6 /* Base */ = {isa = PBXFileReference; lastKnownFileType = file.storyboard; name = Base; path = Base.lproj/LaunchScreen.storyboard; sourceTree = "<group>"; };
		998517902935239E005DB1F6 /* Info.plist */ = {isa = PBXFileReference; lastKnownFileType = text.plist.xml; path = Info.plist; sourceTree = "<group>"; };
		998517952935239E005DB1F6 /* Contacts ListTests.xctest */ = {isa = PBXFileReference; explicitFileType = wrapper.cfbundle; includeInIndex = 0; path = "Contacts ListTests.xctest"; sourceTree = BUILT_PRODUCTS_DIR; };
		998517992935239E005DB1F6 /* Contacts_ListTests.swift */ = {isa = PBXFileReference; lastKnownFileType = sourcecode.swift; path = Contacts_ListTests.swift; sourceTree = "<group>"; };
		9985179F2935239E005DB1F6 /* Contacts ListUITests.xctest */ = {isa = PBXFileReference; explicitFileType = wrapper.cfbundle; includeInIndex = 0; path = "Contacts ListUITests.xctest"; sourceTree = BUILT_PRODUCTS_DIR; };
		998517A32935239E005DB1F6 /* Contacts_ListUITests.swift */ = {isa = PBXFileReference; lastKnownFileType = sourcecode.swift; path = Contacts_ListUITests.swift; sourceTree = "<group>"; };
		998517A52935239E005DB1F6 /* Contacts_ListUITestsLaunchTests.swift */ = {isa = PBXFileReference; lastKnownFileType = sourcecode.swift; path = Contacts_ListUITestsLaunchTests.swift; sourceTree = "<group>"; };
		998517B2293538D9005DB1F6 /* ContactCell.swift */ = {isa = PBXFileReference; lastKnownFileType = sourcecode.swift; path = ContactCell.swift; sourceTree = "<group>"; };
/* End PBXFileReference section */

/* Begin PBXFrameworksBuildPhase section */
		998517792935239C005DB1F6 /* Frameworks */ = {
			isa = PBXFrameworksBuildPhase;
			buildActionMask = 2147483647;
			files = (
			);
			runOnlyForDeploymentPostprocessing = 0;
		};
		998517922935239E005DB1F6 /* Frameworks */ = {
			isa = PBXFrameworksBuildPhase;
			buildActionMask = 2147483647;
			files = (
			);
			runOnlyForDeploymentPostprocessing = 0;
		};
		9985179C2935239E005DB1F6 /* Frameworks */ = {
			isa = PBXFrameworksBuildPhase;
			buildActionMask = 2147483647;
			files = (
			);
			runOnlyForDeploymentPostprocessing = 0;
		};
/* End PBXFrameworksBuildPhase section */

/* Begin PBXGroup section */
		998517732935239C005DB1F6 = {
			isa = PBXGroup;
			children = (
				9985177E2935239C005DB1F6 /* Contacts List */,
				998517982935239E005DB1F6 /* Contacts ListTests */,
				998517A22935239E005DB1F6 /* Contacts ListUITests */,
				9985177D2935239C005DB1F6 /* Products */,
			);
			sourceTree = "<group>";
		};
		9985177D2935239C005DB1F6 /* Products */ = {
			isa = PBXGroup;
			children = (
				9985177C2935239C005DB1F6 /* Contacts List.app */,
				998517952935239E005DB1F6 /* Contacts ListTests.xctest */,
				9985179F2935239E005DB1F6 /* Contacts ListUITests.xctest */,
			);
			name = Products;
			sourceTree = "<group>";
		};
		9985177E2935239C005DB1F6 /* Contacts List */ = {
			isa = PBXGroup;
			children = (
				9985177F2935239C005DB1F6 /* AppDelegate.swift */,
				998517812935239C005DB1F6 /* SceneDelegate.swift */,
				998517832935239C005DB1F6 /* ViewController.swift */,
				998517852935239C005DB1F6 /* Main.storyboard */,
				9985178B2935239E005DB1F6 /* Assets.xcassets */,
				9985178D2935239E005DB1F6 /* LaunchScreen.storyboard */,
				998517902935239E005DB1F6 /* Info.plist */,
				998517882935239C005DB1F6 /* Contacts_List.xcdatamodeld */,
				998517B2293538D9005DB1F6 /* ContactCell.swift */,
			);
			path = "Contacts List";
			sourceTree = "<group>";
		};
		998517982935239E005DB1F6 /* Contacts ListTests */ = {
			isa = PBXGroup;
			children = (
				998517992935239E005DB1F6 /* Contacts_ListTests.swift */,
			);
			path = "Contacts ListTests";
			sourceTree = "<group>";
		};
		998517A22935239E005DB1F6 /* Contacts ListUITests */ = {
			isa = PBXGroup;
			children = (
				998517A32935239E005DB1F6 /* Contacts_ListUITests.swift */,
				998517A52935239E005DB1F6 /* Contacts_ListUITestsLaunchTests.swift */,
			);
			path = "Contacts ListUITests";
			sourceTree = "<group>";
		};
/* End PBXGroup section */

/* Begin PBXNativeTarget section */
		9985177B2935239C005DB1F6 /* Contacts List */ = {
			isa = PBXNativeTarget;
			buildConfigurationList = 998517A92935239E005DB1F6 /* Build configuration list for PBXNativeTarget "Contacts List" */;
			buildPhases = (
				998517782935239C005DB1F6 /* Sources */,
				998517792935239C005DB1F6 /* Frameworks */,
				9985177A2935239C005DB1F6 /* Resources */,
			);
			buildRules = (
			);
			dependencies = (
			);
			name = "Contacts List";
			productName = "Contacts List";
			productReference = 9985177C2935239C005DB1F6 /* Contacts List.app */;
			productType = "com.apple.product-type.application";
		};
		998517942935239E005DB1F6 /* Contacts ListTests */ = {
			isa = PBXNativeTarget;
			buildConfigurationList = 998517AC2935239E005DB1F6 /* Build configuration list for PBXNativeTarget "Contacts ListTests" */;
			buildPhases = (
				998517912935239E005DB1F6 /* Sources */,
				998517922935239E005DB1F6 /* Frameworks */,
				998517932935239E005DB1F6 /* Resources */,
			);
			buildRules = (
			);
			dependencies = (
				998517972935239E005DB1F6 /* PBXTargetDependency */,
			);
			name = "Contacts ListTests";
			productName = "Contacts ListTests";
			productReference = 998517952935239E005DB1F6 /* Contacts ListTests.xctest */;
			productType = "com.apple.product-type.bundle.unit-test";
		};
		9985179E2935239E005DB1F6 /* Contacts ListUITests */ = {
			isa = PBXNativeTarget;
			buildConfigurationList = 998517AF2935239E005DB1F6 /* Build configuration list for PBXNativeTarget "Contacts ListUITests" */;
			buildPhases = (
				9985179B2935239E005DB1F6 /* Sources */,
				9985179C2935239E005DB1F6 /* Frameworks */,
				9985179D2935239E005DB1F6 /* Resources */,
			);
			buildRules = (
			);
			dependencies = (
				998517A12935239E005DB1F6 /* PBXTargetDependency */,
			);
			name = "Contacts ListUITests";
			productName = "Contacts ListUITests";
			productReference = 9985179F2935239E005DB1F6 /* Contacts ListUITests.xctest */;
			productType = "com.apple.product-type.bundle.ui-testing";
		};
/* End PBXNativeTarget section */

/* Begin PBXProject section */
		998517742935239C005DB1F6 /* Project object */ = {
			isa = PBXProject;
			attributes = {
				BuildIndependentTargetsInParallel = 1;
				LastSwiftUpdateCheck = 1410;
				LastUpgradeCheck = 1410;
				TargetAttributes = {
					9985177B2935239C005DB1F6 = {
						CreatedOnToolsVersion = 14.1;
					};
					998517942935239E005DB1F6 = {
						CreatedOnToolsVersion = 14.1;
						TestTargetID = 9985177B2935239C005DB1F6;
					};
					9985179E2935239E005DB1F6 = {
						CreatedOnToolsVersion = 14.1;
						TestTargetID = 9985177B2935239C005DB1F6;
					};
				};
			};
			buildConfigurationList = 998517772935239C005DB1F6 /* Build configuration list for PBXProject "Contacts List" */;
			compatibilityVersion = "Xcode 14.0";
			developmentRegion = en;
			hasScannedForEncodings = 0;
			knownRegions = (
				en,
				Base,
			);
			mainGroup = 998517732935239C005DB1F6;
			productRefGroup = 9985177D2935239C005DB1F6 /* Products */;
			projectDirPath = "";
			projectRoot = "";
			targets = (
				9985177B2935239C005DB1F6 /* Contacts List */,
				998517942935239E005DB1F6 /* Contacts ListTests */,
				9985179E2935239E005DB1F6 /* Contacts ListUITests */,
			);
		};
/* End PBXProject section */

/* Begin PBXResourcesBuildPhase section */
		9985177A2935239C005DB1F6 /* Resources */ = {
			isa = PBXResourcesBuildPhase;
			buildActionMask = 2147483647;
			files = (
				9985178F2935239E005DB1F6 /* LaunchScreen.storyboard in Resources */,
				9985178C2935239E005DB1F6 /* Assets.xcassets in Resources */,
				998517872935239C005DB1F6 /* Main.storyboard in Resources */,
			);
			runOnlyForDeploymentPostprocessing = 0;
		};
		998517932935239E005DB1F6 /* Resources */ = {
			isa = PBXResourcesBuildPhase;
			buildActionMask = 2147483647;
			files = (
			);
			runOnlyForDeploymentPostprocessing = 0;
		};
		9985179D2935239E005DB1F6 /* Resources */ = {
			isa = PBXResourcesBuildPhase;
			buildActionMask = 2147483647;
			files = (
			);
			runOnlyForDeploymentPostprocessing = 0;
		};
/* End PBXResourcesBuildPhase section */

/* Begin PBXSourcesBuildPhase section */
		998517782935239C005DB1F6 /* Sources */ = {
			isa = PBXSourcesBuildPhase;
			buildActionMask = 2147483647;
			files = (
				998517B3293538D9005DB1F6 /* ContactCell.swift in Sources */,
				9985178A2935239C005DB1F6 /* Contacts_List.xcdatamodeld in Sources */,
				998517842935239C005DB1F6 /* ViewController.swift in Sources */,
				998517802935239C005DB1F6 /* AppDelegate.swift in Sources */,
				998517822935239C005DB1F6 /* SceneDelegate.swift in Sources */,
			);
			runOnlyForDeploymentPostprocessing = 0;
		};
		998517912935239E005DB1F6 /* Sources */ = {
			isa = PBXSourcesBuildPhase;
			buildActionMask = 2147483647;
			files = (
				9985179A2935239E005DB1F6 /* Contacts_ListTests.swift in Sources */,
			);
			runOnlyForDeploymentPostprocessing = 0;
		};
		9985179B2935239E005DB1F6 /* Sources */ = {
			isa = PBXSourcesBuildPhase;
			buildActionMask = 2147483647;
			files = (
				998517A42935239E005DB1F6 /* Contacts_ListUITests.swift in Sources */,
				998517A62935239E005DB1F6 /* Contacts_ListUITestsLaunchTests.swift in Sources */,
			);
			runOnlyForDeploymentPostprocessing = 0;
		};
/* End PBXSourcesBuildPhase section */

/* Begin PBXTargetDependency section */
		998517972935239E005DB1F6 /* PBXTargetDependency */ = {
			isa = PBXTargetDependency;
			target = 9985177B2935239C005DB1F6 /* Contacts List */;
			targetProxy = 998517962935239E005DB1F6 /* PBXContainerItemProxy */;
		};
		998517A12935239E005DB1F6 /* PBXTargetDependency */ = {
			isa = PBXTargetDependency;
			target = 9985177B2935239C005DB1F6 /* Contacts List */;
			targetProxy = 998517A02935239E005DB1F6 /* PBXContainerItemProxy */;
		};
/* End PBXTargetDependency section */

/* Begin PBXVariantGroup section */
		998517852935239C005DB1F6 /* Main.storyboard */ = {
			isa = PBXVariantGroup;
			children = (
				998517862935239C005DB1F6 /* Base */,
			);
			name = Main.storyboard;
			sourceTree = "<group>";
		};
		9985178D2935239E005DB1F6 /* LaunchScreen.storyboard */ = {
			isa = PBXVariantGroup;
			children = (
				9985178E2935239E005DB1F6 /* Base */,
			);
			name = LaunchScreen.storyboard;
			sourceTree = "<group>";
		};
/* End PBXVariantGroup section */

/* Begin XCBuildConfiguration section */
		998517A72935239E005DB1F6 /* Debug */ = {
			isa = XCBuildConfiguration;
			buildSettings = {
				ALWAYS_SEARCH_USER_PATHS = NO;
				CLANG_ANALYZER_NONNULL = YES;
				CLANG_ANALYZER_NUMBER_OBJECT_CONVERSION = YES_AGGRESSIVE;
				CLANG_CXX_LANGUAGE_STANDARD = "gnu++20";
				CLANG_ENABLE_MODULES = YES;
				CLANG_ENABLE_OBJC_ARC = YES;
				CLANG_ENABLE_OBJC_WEAK = YES;
				CLANG_WARN_BLOCK_CAPTURE_AUTORELEASING = YES;
				CLANG_WARN_BOOL_CONVERSION = YES;
				CLANG_WARN_COMMA = YES;
				CLANG_WARN_CONSTANT_CONVERSION = YES;
				CLANG_WARN_DEPRECATED_OBJC_IMPLEMENTATIONS = YES;
				CLANG_WARN_DIRECT_OBJC_ISA_USAGE = YES_ERROR;
				CLANG_WARN_DOCUMENTATION_COMMENTS = YES;
				CLANG_WARN_EMPTY_BODY = YES;
				CLANG_WARN_ENUM_CONVERSION = YES;
				CLANG_WARN_INFINITE_RECURSION = YES;
				CLANG_WARN_INT_CONVERSION = YES;
				CLANG_WARN_NON_LITERAL_NULL_CONVERSION = YES;
				CLANG_WARN_OBJC_IMPLICIT_RETAIN_SELF = YES;
				CLANG_WARN_OBJC_LITERAL_CONVERSION = YES;
				CLANG_WARN_OBJC_ROOT_CLASS = YES_ERROR;
				CLANG_WARN_QUOTED_INCLUDE_IN_FRAMEWORK_HEADER = YES;
				CLANG_WARN_RANGE_LOOP_ANALYSIS = YES;
				CLANG_WARN_STRICT_PROTOTYPES = YES;
				CLANG_WARN_SUSPICIOUS_MOVE = YES;
				CLANG_WARN_UNGUARDED_AVAILABILITY = YES_AGGRESSIVE;
				CLANG_WARN_UNREACHABLE_CODE = YES;
				CLANG_WARN__DUPLICATE_METHOD_MATCH = YES;
				COPY_PHASE_STRIP = NO;
				DEBUG_INFORMATION_FORMAT = dwarf;
				ENABLE_STRICT_OBJC_MSGSEND = YES;
				ENABLE_TESTABILITY = YES;
				GCC_C_LANGUAGE_STANDARD = gnu11;
				GCC_DYNAMIC_NO_PIC = NO;
				GCC_NO_COMMON_BLOCKS = YES;
				GCC_OPTIMIZATION_LEVEL = 0;
				GCC_PREPROCESSOR_DEFINITIONS = (
					"DEBUG=1",
					"$(inherited)",
				);
				GCC_WARN_64_TO_32_BIT_CONVERSION = YES;
				GCC_WARN_ABOUT_RETURN_TYPE = YES_ERROR;
				GCC_WARN_UNDECLARED_SELECTOR = YES;
				GCC_WARN_UNINITIALIZED_AUTOS = YES_AGGRESSIVE;
				GCC_WARN_UNUSED_FUNCTION = YES;
				GCC_WARN_UNUSED_VARIABLE = YES;
				IPHONEOS_DEPLOYMENT_TARGET = 14.0;
				MTL_ENABLE_DEBUG_INFO = INCLUDE_SOURCE;
				MTL_FAST_MATH = YES;
				ONLY_ACTIVE_ARCH = YES;
				SDKROOT = iphoneos;
				SWIFT_ACTIVE_COMPILATION_CONDITIONS = DEBUG;
				SWIFT_OPTIMIZATION_LEVEL = "-Onone";
			};
			name = Debug;
		};
		998517A82935239E005DB1F6 /* Release */ = {
			isa = XCBuildConfiguration;
			buildSettings = {
				ALWAYS_SEARCH_USER_PATHS = NO;
				CLANG_ANALYZER_NONNULL = YES;
				CLANG_ANALYZER_NUMBER_OBJECT_CONVERSION = YES_AGGRESSIVE;
				CLANG_CXX_LANGUAGE_STANDARD = "gnu++20";
				CLANG_ENABLE_MODULES = YES;
				CLANG_ENABLE_OBJC_ARC = YES;
				CLANG_ENABLE_OBJC_WEAK = YES;
				CLANG_WARN_BLOCK_CAPTURE_AUTORELEASING = YES;
				CLANG_WARN_BOOL_CONVERSION = YES;
				CLANG_WARN_COMMA = YES;
				CLANG_WARN_CONSTANT_CONVERSION = YES;
				CLANG_WARN_DEPRECATED_OBJC_IMPLEMENTATIONS = YES;
				CLANG_WARN_DIRECT_OBJC_ISA_USAGE = YES_ERROR;
				CLANG_WARN_DOCUMENTATION_COMMENTS = YES;
				CLANG_WARN_EMPTY_BODY = YES;
				CLANG_WARN_ENUM_CONVERSION = YES;
				CLANG_WARN_INFINITE_RECURSION = YES;
				CLANG_WARN_INT_CONVERSION = YES;
				CLANG_WARN_NON_LITERAL_NULL_CONVERSION = YES;
				CLANG_WARN_OBJC_IMPLICIT_RETAIN_SELF = YES;
				CLANG_WARN_OBJC_LITERAL_CONVERSION = YES;
				CLANG_WARN_OBJC_ROOT_CLASS = YES_ERROR;
				CLANG_WARN_QUOTED_INCLUDE_IN_FRAMEWORK_HEADER = YES;
				CLANG_WARN_RANGE_LOOP_ANALYSIS = YES;
				CLANG_WARN_STRICT_PROTOTYPES = YES;
				CLANG_WARN_SUSPICIOUS_MOVE = YES;
				CLANG_WARN_UNGUARDED_AVAILABILITY = YES_AGGRESSIVE;
				CLANG_WARN_UNREACHABLE_CODE = YES;
				CLANG_WARN__DUPLICATE_METHOD_MATCH = YES;
				COPY_PHASE_STRIP = NO;
				DEBUG_INFORMATION_FORMAT = "dwarf-with-dsym";
				ENABLE_NS_ASSERTIONS = NO;
				ENABLE_STRICT_OBJC_MSGSEND = YES;
				GCC_C_LANGUAGE_STANDARD = gnu11;
				GCC_NO_COMMON_BLOCKS = YES;
				GCC_WARN_64_TO_32_BIT_CONVERSION = YES;
				GCC_WARN_ABOUT_RETURN_TYPE = YES_ERROR;
				GCC_WARN_UNDECLARED_SELECTOR = YES;
				GCC_WARN_UNINITIALIZED_AUTOS = YES_AGGRESSIVE;
				GCC_WARN_UNUSED_FUNCTION = YES;
				GCC_WARN_UNUSED_VARIABLE = YES;
				IPHONEOS_DEPLOYMENT_TARGET = 14.0;
				MTL_ENABLE_DEBUG_INFO = NO;
				MTL_FAST_MATH = YES;
				SDKROOT = iphoneos;
				SWIFT_COMPILATION_MODE = wholemodule;
				SWIFT_OPTIMIZATION_LEVEL = "-O";
				VALIDATE_PRODUCT = YES;
			};
			name = Release;
		};
		998517AA2935239E005DB1F6 /* Debug */ = {
			isa = XCBuildConfiguration;
			buildSettings = {
				ASSETCATALOG_COMPILER_APPICON_NAME = AppIcon;
				ASSETCATALOG_COMPILER_GLOBAL_ACCENT_COLOR_NAME = AccentColor;
				CODE_SIGN_STYLE = Automatic;
				CURRENT_PROJECT_VERSION = 1;
				DEVELOPMENT_TEAM = VNY43MD7YT;
				GENERATE_INFOPLIST_FILE = YES;
				INFOPLIST_FILE = "Contacts List/Info.plist";
				INFOPLIST_KEY_UIApplicationSupportsIndirectInputEvents = YES;
				INFOPLIST_KEY_UILaunchStoryboardName = LaunchScreen;
				INFOPLIST_KEY_UIMainStoryboardFile = Main;
				INFOPLIST_KEY_UISupportedInterfaceOrientations_iPad = "UIInterfaceOrientationPortrait UIInterfaceOrientationPortraitUpsideDown UIInterfaceOrientationLandscapeLeft UIInterfaceOrientationLandscapeRight";
				INFOPLIST_KEY_UISupportedInterfaceOrientations_iPhone = "UIInterfaceOrientationPortrait UIInterfaceOrientationLandscapeLeft UIInterfaceOrientationLandscapeRight";
				LD_RUNPATH_SEARCH_PATHS = (
					"$(inherited)",
					"@executable_path/Frameworks",
				);
				MARKETING_VERSION = 1.0;
				PRODUCT_BUNDLE_IDENTIFIER = "com.ecodes.Contacts-List";
				PRODUCT_NAME = "$(TARGET_NAME)";
				SWIFT_EMIT_LOC_STRINGS = YES;
				SWIFT_VERSION = 5.0;
				TARGETED_DEVICE_FAMILY = "1,2";
			};
			name = Debug;
		};
		998517AB2935239E005DB1F6 /* Release */ = {
			isa = XCBuildConfiguration;
			buildSettings = {
				ASSETCATALOG_COMPILER_APPICON_NAME = AppIcon;
				ASSETCATALOG_COMPILER_GLOBAL_ACCENT_COLOR_NAME = AccentColor;
				CODE_SIGN_STYLE = Automatic;
				CURRENT_PROJECT_VERSION = 1;
				DEVELOPMENT_TEAM = VNY43MD7YT;
				GENERATE_INFOPLIST_FILE = YES;
				INFOPLIST_FILE = "Contacts List/Info.plist";
				INFOPLIST_KEY_UIApplicationSupportsIndirectInputEvents = YES;
				INFOPLIST_KEY_UILaunchStoryboardName = LaunchScreen;
				INFOPLIST_KEY_UIMainStoryboardFile = Main;
				INFOPLIST_KEY_UISupportedInterfaceOrientations_iPad = "UIInterfaceOrientationPortrait UIInterfaceOrientationPortraitUpsideDown UIInterfaceOrientationLandscapeLeft UIInterfaceOrientationLandscapeRight";
				INFOPLIST_KEY_UISupportedInterfaceOrientations_iPhone = "UIInterfaceOrientationPortrait UIInterfaceOrientationLandscapeLeft UIInterfaceOrientationLandscapeRight";
				LD_RUNPATH_SEARCH_PATHS = (
					"$(inherited)",
					"@executable_path/Frameworks",
				);
				MARKETING_VERSION = 1.0;
				PRODUCT_BUNDLE_IDENTIFIER = "com.ecodes.Contacts-List";
				PRODUCT_NAME = "$(TARGET_NAME)";
				SWIFT_EMIT_LOC_STRINGS = YES;
				SWIFT_VERSION = 5.0;
				TARGETED_DEVICE_FAMILY = "1,2";
			};
			name = Release;
		};
		998517AD2935239E005DB1F6 /* Debug */ = {
			isa = XCBuildConfiguration;
			buildSettings = {
				ALWAYS_EMBED_SWIFT_STANDARD_LIBRARIES = YES;
				BUNDLE_LOADER = "$(TEST_HOST)";
				CODE_SIGN_STYLE = Automatic;
				CURRENT_PROJECT_VERSION = 1;
				GENERATE_INFOPLIST_FILE = YES;
				IPHONEOS_DEPLOYMENT_TARGET = 16.1;
				MARKETING_VERSION = 1.0;
				PRODUCT_BUNDLE_IDENTIFIER = "com.ecodes.Contacts-ListTests";
				PRODUCT_NAME = "$(TARGET_NAME)";
				SWIFT_EMIT_LOC_STRINGS = NO;
				SWIFT_VERSION = 5.0;
				TARGETED_DEVICE_FAMILY = "1,2";
				TEST_HOST = "$(BUILT_PRODUCTS_DIR)/Contacts List.app/$(BUNDLE_EXECUTABLE_FOLDER_PATH)/Contacts List";
			};
			name = Debug;
		};
		998517AE2935239E005DB1F6 /* Release */ = {
			isa = XCBuildConfiguration;
			buildSettings = {
				ALWAYS_EMBED_SWIFT_STANDARD_LIBRARIES = YES;
				BUNDLE_LOADER = "$(TEST_HOST)";
				CODE_SIGN_STYLE = Automatic;
				CURRENT_PROJECT_VERSION = 1;
				GENERATE_INFOPLIST_FILE = YES;
				IPHONEOS_DEPLOYMENT_TARGET = 16.1;
				MARKETING_VERSION = 1.0;
				PRODUCT_BUNDLE_IDENTIFIER = "com.ecodes.Contacts-ListTests";
				PRODUCT_NAME = "$(TARGET_NAME)";
				SWIFT_EMIT_LOC_STRINGS = NO;
				SWIFT_VERSION = 5.0;
				TARGETED_DEVICE_FAMILY = "1,2";
				TEST_HOST = "$(BUILT_PRODUCTS_DIR)/Contacts List.app/$(BUNDLE_EXECUTABLE_FOLDER_PATH)/Contacts List";
			};
			name = Release;
		};
		998517B02935239E005DB1F6 /* Debug */ = {
			isa = XCBuildConfiguration;
			buildSettings = {
				ALWAYS_EMBED_SWIFT_STANDARD_LIBRARIES = YES;
				CODE_SIGN_STYLE = Automatic;
				CURRENT_PROJECT_VERSION = 1;
				GENERATE_INFOPLIST_FILE = YES;
				MARKETING_VERSION = 1.0;
				PRODUCT_BUNDLE_IDENTIFIER = "com.ecodes.Contacts-ListUITests";
				PRODUCT_NAME = "$(TARGET_NAME)";
				SWIFT_EMIT_LOC_STRINGS = NO;
				SWIFT_VERSION = 5.0;
				TARGETED_DEVICE_FAMILY = "1,2";
				TEST_TARGET_NAME = "Contacts List";
			};
			name = Debug;
		};
		998517B12935239E005DB1F6 /* Release */ = {
			isa = XCBuildConfiguration;
			buildSettings = {
				ALWAYS_EMBED_SWIFT_STANDARD_LIBRARIES = YES;
				CODE_SIGN_STYLE = Automatic;
				CURRENT_PROJECT_VERSION = 1;
				GENERATE_INFOPLIST_FILE = YES;
				MARKETING_VERSION = 1.0;
				PRODUCT_BUNDLE_IDENTIFIER = "com.ecodes.Contacts-ListUITests";
				PRODUCT_NAME = "$(TARGET_NAME)";
				SWIFT_EMIT_LOC_STRINGS = NO;
				SWIFT_VERSION = 5.0;
				TARGETED_DEVICE_FAMILY = "1,2";
				TEST_TARGET_NAME = "Contacts List";
			};
			name = Release;
		};
/* End XCBuildConfiguration section */

/* Begin XCConfigurationList section */
		998517772935239C005DB1F6 /* Build configuration list for PBXProject "Contacts List" */ = {
			isa = XCConfigurationList;
			buildConfigurations = (
				998517A72935239E005DB1F6 /* Debug */,
				998517A82935239E005DB1F6 /* Release */,
			);
			defaultConfigurationIsVisible = 0;
			defaultConfigurationName = Release;
		};
		998517A92935239E005DB1F6 /* Build configuration list for PBXNativeTarget "Contacts List" */ = {
			isa = XCConfigurationList;
			buildConfigurations = (
				998517AA2935239E005DB1F6 /* Debug */,
				998517AB2935239E005DB1F6 /* Release */,
			);
			defaultConfigurationIsVisible = 0;
			defaultConfigurationName = Release;
		};
		998517AC2935239E005DB1F6 /* Build configuration list for PBXNativeTarget "Contacts ListTests" */ = {
			isa = XCConfigurationList;
			buildConfigurations = (
				998517AD2935239E005DB1F6 /* Debug */,
				998517AE2935239E005DB1F6 /* Release */,
			);
			defaultConfigurationIsVisible = 0;
			defaultConfigurationName = Release;
		};
		998517AF2935239E005DB1F6 /* Build configuration list for PBXNativeTarget "Contacts ListUITests" */ = {
			isa = XCConfigurationList;
			buildConfigurations = (
				998517B02935239E005DB1F6 /* Debug */,
				998517B12935239E005DB1F6 /* Release */,
			);
			defaultConfigurationIsVisible = 0;
			defaultConfigurationName = Release;
		};
/* End XCConfigurationList section */

/* Begin XCVersionGroup section */
		998517882935239C005DB1F6 /* Contacts_List.xcdatamodeld */ = {
			isa = XCVersionGroup;
			children = (
				998517892935239C005DB1F6 /* Contacts_List.xcdatamodel */,
			);
			currentVersion = 998517892935239C005DB1F6 /* Contacts_List.xcdatamodel */;
			path = Contacts_List.xcdatamodeld;
			sourceTree = "<group>";
			versionGroupType = wrapper.xcdatamodel;
		};
/* End XCVersionGroup section */
	};
	rootObject = 998517742935239C005DB1F6 /* Project object */;
}
